
Microsoft Visual Studio Solution File, Format Version 10.00
# Visual C# Express 2008
Project("{FAE04EC0-301F-11D3-BF4B-00C04F79EFBC}") = "CircleDock", "CircleDock.csproj", "{C366D6FC-8726-48CB-98AB-2EF9BE3F507C}"
EndProject
Global
	GlobalSection(SolutionConfigurationPlatforms) = preSolution
		Debug|Any CPU = Debug|Any CPU
		Release|Any CPU = Release|Any CPU
	EndGlobalSection
	GlobalSection(ProjectConfigurationPlatforms) = postSolution
		{C366D6FC-8726-48CB-98AB-2EF9BE3F507C}.Debug|Any CPU.ActiveCfg = Debug|Any CPU
		{C366D6FC-8726-48CB-98AB-2EF9BE3F507C}.Debug|Any CPU.Build.0 = Debug|Any CPU
		{C366D6FC-8726-48CB-98AB-2EF9BE3F507C}.Release|Any CPU.ActiveCfg = Release|Any CPU
		{C366D6FC-8726-48CB-98AB-2EF9BE3F507C}.Release|Any CPU.Build.0 = Release|Any CPU
	EndGlobalSection
	GlobalSection(SolutionProperties) = preSolution
		HideSolutionNode = FALSE
	EndGlobalSection
EndGlobal
